
Microsoft Visual Studio Solution File, Format Version 12.00
Project("{FAE04EC0-301F-11D3-BF4B-00C04F79EFBC}") = "Bulky", "Bulky\Bulky.csproj", "{6EEA5BA4-DB85-4F0D-9385-AC72CD83628E}"
EndProject
Project("{FAE04EC0-301F-11D3-BF4B-00C04F79EFBC}") = "Bulky.DataAccess", "Bulky.DataAccess\Bulky.DataAccess.csproj", "{576862ED-A273-4ABE-B5AA-32E6A05DE1EA}"
EndProject
Project("{FAE04EC0-301F-11D3-BF4B-00C04F79EFBC}") = "Bulky.Models", "Bulky.Models\Bulky.Models.csproj", "{BCF1778E-0544-4824-854B-A08DBD405335}"
EndProject
Project("{FAE04EC0-301F-11D3-BF4B-00C04F79EFBC}") = "Bulky.Utility", "Bulky.Utility\Bulky.Utility.csproj", "{6CA4DF4B-077B-444B-B0A0-27EBF20DE28A}"
EndProject
Global
	GlobalSection(SolutionConfigurationPlatforms) = preSolution
		Debug|Any CPU = Debug|Any CPU
		Release|Any CPU = Release|Any CPU
	EndGlobalSection
	GlobalSection(ProjectConfigurationPlatforms) = postSolution
		{6EEA5BA4-DB85-4F0D-9385-AC72CD83628E}.Debug|Any CPU.ActiveCfg = Debug|Any CPU
		{6EEA5BA4-DB85-4F0D-9385-AC72CD83628E}.Debug|Any CPU.Build.0 = Debug|Any CPU
		{6EEA5BA4-DB85-4F0D-9385-AC72CD83628E}.Release|Any CPU.ActiveCfg = Release|Any CPU
		{6EEA5BA4-DB85-4F0D-9385-AC72CD83628E}.Release|Any CPU.Build.0 = Release|Any CPU
		{576862ED-A273-4ABE-B5AA-32E6A05DE1EA}.Debug|Any CPU.ActiveCfg = Debug|Any CPU
		{576862ED-A273-4ABE-B5AA-32E6A05DE1EA}.Debug|Any CPU.Build.0 = Debug|Any CPU
		{576862ED-A273-4ABE-B5AA-32E6A05DE1EA}.Release|Any CPU.ActiveCfg = Release|Any CPU
		{576862ED-A273-4ABE-B5AA-32E6A05DE1EA}.Release|Any CPU.Build.0 = Release|Any CPU
		{BCF1778E-0544-4824-854B-A08DBD405335}.Debug|Any CPU.ActiveCfg = Debug|Any CPU
		{BCF1778E-0544-4824-854B-A08DBD405335}.Debug|Any CPU.Build.0 = Debug|Any CPU
		{BCF1778E-0544-4824-854B-A08DBD405335}.Release|Any CPU.ActiveCfg = Release|Any CPU
		{BCF1778E-0544-4824-854B-A08DBD405335}.Release|Any CPU.Build.0 = Release|Any CPU
		{6CA4DF4B-077B-444B-B0A0-27EBF20DE28A}.Debug|Any CPU.ActiveCfg = Debug|Any CPU
		{6CA4DF4B-077B-444B-B0A0-27EBF20DE28A}.Debug|Any CPU.Build.0 = Debug|Any CPU
		{6CA4DF4B-077B-444B-B0A0-27EBF20DE28A}.Release|Any CPU.ActiveCfg = Release|Any CPU
		{6CA4DF4B-077B-444B-B0A0-27EBF20DE28A}.Release|Any CPU.Build.0 = Release|Any CPU
	EndGlobalSection
EndGlobal
